
Microsoft Visual Studio Solution File, Format Version 12.00
# Visual Studio Version 17
VisualStudioVersion = 17.3.32811.315
MinimumVisualStudioVersion = 10.0.40219.1
Project("{FAE04EC0-301F-11D3-BF4B-00C04F79EFBC}") = "CRUDEMOVIESWEBAPI", "CRUDEMOVIESWEBAPI\CRUDEMOVIESWEBAPI.csproj", "{4973044F-C939-427C-B7FE-AFCBEAAF9B38}"
EndProject
Global
	GlobalSection(SolutionConfigurationPlatforms) = preSolution
		Debug|Any CPU = Debug|Any CPU
		Release|Any CPU = Release|Any CPU
	EndGlobalSection
	GlobalSection(ProjectConfigurationPlatforms) = postSolution
		{4973044F-C939-427C-B7FE-AFCBEAAF9B38}.Debug|Any CPU.ActiveCfg = Debug|Any CPU
		{4973044F-C939-427C-B7FE-AFCBEAAF9B38}.Debug|Any CPU.Build.0 = Debug|Any CPU
		{4973044F-C939-427C-B7FE-AFCBEAAF9B38}.Release|Any CPU.ActiveCfg = Release|Any CPU
		{4973044F-C939-427C-B7FE-AFCBEAAF9B38}.Release|Any CPU.Build.0 = Release|Any CPU
	EndGlobalSection
	GlobalSection(SolutionProperties) = preSolution
		HideSolutionNode = FALSE
	EndGlobalSection
	GlobalSection(ExtensibilityGlobals) = postSolution
		SolutionGuid = {90C9F0C9-DC06-4AF3-BD15-0134F6715A78}
	EndGlobalSection
EndGlobal
